
Microsoft Visual Studio Solution File, Format Version 12.00
# Visual Studio Version 17
VisualStudioVersion = 17.4.33213.308
MinimumVisualStudioVersion = 10.0.40219.1
Project("{2150E333-8FDC-42A3-9474-1A3956D46DE8}") = "Components", "Components", "{8D0324DC-636C-4CB4-91E4-EE2B4CBE74FC}"
EndProject
Project("{9A19103F-16F7-4668-BE54-9A1E7A4F7556}") = "Disk", "Components\Disk\Disk.csproj", "{39E948B7-0E85-47CB-9174-6B1F0266ABF0}"
EndProject
Project("{9A19103F-16F7-4668-BE54-9A1E7A4F7556}") = "GoogleDisk", "Components\GoogleDisk\GoogleDisk.csproj", "{445CBCA0-1D47-43EB-A75C-E64805F86E79}"
EndProject
Project("{2150E333-8FDC-42A3-9474-1A3956D46DE8}") = "Modules", "Modules", "{E7C0F7B1-40BF-4A19-AF1D-1B8A1A7C9467}"
EndProject
Project("{9A19103F-16F7-4668-BE54-9A1E7A4F7556}") = "GoogleDiskModule", "Modules\GoogleDiskModule\GoogleDiskModule.csproj", "{9D229980-E055-4F1D-95CF-C5D63594E9BF}"
EndProject
Project("{2150E333-8FDC-42A3-9474-1A3956D46DE8}") = "DryIoC", "DryIoC", "{17BC1D36-492E-4914-99B5-94BFC77A8A91}"
EndProject
Project("{9A19103F-16F7-4668-BE54-9A1E7A4F7556}") = "WinLogger", "WinLogger\WinLogger.csproj", "{B9DEE235-C86E-42EC-BB48-1B2D5AD6DA74}"
EndProject
Project("{2150E333-8FDC-42A3-9474-1A3956D46DE8}") = "WinLogger", "WinLogger", "{D037B48C-F6A9-48E9-9869-5DBB10D0CFF4}"
EndProject
Project("{9A19103F-16F7-4668-BE54-9A1E7A4F7556}") = "DI.Extensions", "DryIoc\DI.Extensions\DI.Extensions.csproj", "{0A2CD54D-0616-4EAF-B44F-F5BBD9FD7219}"
EndProject
Project("{9A19103F-16F7-4668-BE54-9A1E7A4F7556}") = "DI.Modules", "DryIoc\DI.Modules\DI.Modules.csproj", "{9CC890D6-24F0-487F-ABC3-8AB95E54DFEE}"
EndProject
Project("{9A19103F-16F7-4668-BE54-9A1E7A4F7556}") = "GUI", "GUI\GUI.csproj", "{C71E706D-9C4C-47E2-8589-FB6045ADE661}"
EndProject
Global
	GlobalSection(SolutionConfigurationPlatforms) = preSolution
		Debug|Any CPU = Debug|Any CPU
		Release|Any CPU = Release|Any CPU
	EndGlobalSection
	GlobalSection(ProjectConfigurationPlatforms) = postSolution
		{39E948B7-0E85-47CB-9174-6B1F0266ABF0}.Debug|Any CPU.ActiveCfg = Debug|Any CPU
		{39E948B7-0E85-47CB-9174-6B1F0266ABF0}.Debug|Any CPU.Build.0 = Debug|Any CPU
		{39E948B7-0E85-47CB-9174-6B1F0266ABF0}.Release|Any CPU.ActiveCfg = Release|Any CPU
		{39E948B7-0E85-47CB-9174-6B1F0266ABF0}.Release|Any CPU.Build.0 = Release|Any CPU
		{445CBCA0-1D47-43EB-A75C-E64805F86E79}.Debug|Any CPU.ActiveCfg = Debug|Any CPU
		{445CBCA0-1D47-43EB-A75C-E64805F86E79}.Debug|Any CPU.Build.0 = Debug|Any CPU
		{445CBCA0-1D47-43EB-A75C-E64805F86E79}.Release|Any CPU.ActiveCfg = Release|Any CPU
		{445CBCA0-1D47-43EB-A75C-E64805F86E79}.Release|Any CPU.Build.0 = Release|Any CPU
		{9D229980-E055-4F1D-95CF-C5D63594E9BF}.Debug|Any CPU.ActiveCfg = Debug|Any CPU
		{9D229980-E055-4F1D-95CF-C5D63594E9BF}.Debug|Any CPU.Build.0 = Debug|Any CPU
		{9D229980-E055-4F1D-95CF-C5D63594E9BF}.Release|Any CPU.ActiveCfg = Release|Any CPU
		{9D229980-E055-4F1D-95CF-C5D63594E9BF}.Release|Any CPU.Build.0 = Release|Any CPU
		{B9DEE235-C86E-42EC-BB48-1B2D5AD6DA74}.Debug|Any CPU.ActiveCfg = Debug|Any CPU
		{B9DEE235-C86E-42EC-BB48-1B2D5AD6DA74}.Debug|Any CPU.Build.0 = Debug|Any CPU
		{B9DEE235-C86E-42EC-BB48-1B2D5AD6DA74}.Release|Any CPU.ActiveCfg = Release|Any CPU
		{B9DEE235-C86E-42EC-BB48-1B2D5AD6DA74}.Release|Any CPU.Build.0 = Release|Any CPU
		{0A2CD54D-0616-4EAF-B44F-F5BBD9FD7219}.Debug|Any CPU.ActiveCfg = Debug|Any CPU
		{0A2CD54D-0616-4EAF-B44F-F5BBD9FD7219}.Debug|Any CPU.Build.0 = Debug|Any CPU
		{0A2CD54D-0616-4EAF-B44F-F5BBD9FD7219}.Release|Any CPU.ActiveCfg = Release|Any CPU
		{0A2CD54D-0616-4EAF-B44F-F5BBD9FD7219}.Release|Any CPU.Build.0 = Release|Any CPU
		{9CC890D6-24F0-487F-ABC3-8AB95E54DFEE}.Debug|Any CPU.ActiveCfg = Debug|Any CPU
		{9CC890D6-24F0-487F-ABC3-8AB95E54DFEE}.Debug|Any CPU.Build.0 = Debug|Any CPU
		{9CC890D6-24F0-487F-ABC3-8AB95E54DFEE}.Release|Any CPU.ActiveCfg = Release|Any CPU
		{9CC890D6-24F0-487F-ABC3-8AB95E54DFEE}.Release|Any CPU.Build.0 = Release|Any CPU
		{C71E706D-9C4C-47E2-8589-FB6045ADE661}.Debug|Any CPU.ActiveCfg = Debug|Any CPU
		{C71E706D-9C4C-47E2-8589-FB6045ADE661}.Debug|Any CPU.Build.0 = Debug|Any CPU
		{C71E706D-9C4C-47E2-8589-FB6045ADE661}.Release|Any CPU.ActiveCfg = Release|Any CPU
		{C71E706D-9C4C-47E2-8589-FB6045ADE661}.Release|Any CPU.Build.0 = Release|Any CPU
	EndGlobalSection
	GlobalSection(SolutionProperties) = preSolution
		HideSolutionNode = FALSE
	EndGlobalSection
	GlobalSection(NestedProjects) = preSolution
		{39E948B7-0E85-47CB-9174-6B1F0266ABF0} = {8D0324DC-636C-4CB4-91E4-EE2B4CBE74FC}
		{445CBCA0-1D47-43EB-A75C-E64805F86E79} = {8D0324DC-636C-4CB4-91E4-EE2B4CBE74FC}
		{9D229980-E055-4F1D-95CF-C5D63594E9BF} = {E7C0F7B1-40BF-4A19-AF1D-1B8A1A7C9467}
		{B9DEE235-C86E-42EC-BB48-1B2D5AD6DA74} = {D037B48C-F6A9-48E9-9869-5DBB10D0CFF4}
		{0A2CD54D-0616-4EAF-B44F-F5BBD9FD7219} = {17BC1D36-492E-4914-99B5-94BFC77A8A91}
		{9CC890D6-24F0-487F-ABC3-8AB95E54DFEE} = {17BC1D36-492E-4914-99B5-94BFC77A8A91}
	EndGlobalSection
	GlobalSection(ExtensibilityGlobals) = postSolution
		SolutionGuid = {21525DE5-FBA2-4642-83DA-7D7E3FDF5312}
	EndGlobalSection
EndGlobal
