
Microsoft Visual Studio Solution File, Format Version 12.00
# Visual Studio Version 16
VisualStudioVersion = 16.0.31729.503
MinimumVisualStudioVersion = 10.0.40219.1
Project("{FAE04EC0-301F-11D3-BF4B-00C04F79EFBC}") = "Authomation", "Authomation\Authomation.csproj", "{BCC1BE20-0F97-425F-A625-C94FE529DC0F}"
EndProject
Project("{2150E333-8FDC-42A3-9474-1A3956D46DE8}") = "Components", "Components", "{8D0324DC-636C-4CB4-91E4-EE2B4CBE74FC}"
EndProject
Project("{9A19103F-16F7-4668-BE54-9A1E7A4F7556}") = "Disk", "Components\Disk\Disk.csproj", "{39E948B7-0E85-47CB-9174-6B1F0266ABF0}"
EndProject
Project("{9A19103F-16F7-4668-BE54-9A1E7A4F7556}") = "GoogleDisk", "Components\GoogleDisk\GoogleDisk.csproj", "{445CBCA0-1D47-43EB-A75C-E64805F86E79}"
EndProject
Project("{2150E333-8FDC-42A3-9474-1A3956D46DE8}") = "Modules", "Modules", "{E7C0F7B1-40BF-4A19-AF1D-1B8A1A7C9467}"
EndProject
Project("{9A19103F-16F7-4668-BE54-9A1E7A4F7556}") = "GoogleDiskModule", "Modules\GoogleDiskModule\GoogleDiskModule.csproj", "{9D229980-E055-4F1D-95CF-C5D63594E9BF}"
EndProject
Project("{2150E333-8FDC-42A3-9474-1A3956D46DE8}") = "DryIoC", "DryIoC", "{17BC1D36-492E-4914-99B5-94BFC77A8A91}"
EndProject
Project("{FAE04EC0-301F-11D3-BF4B-00C04F79EFBC}") = "Authomation.DI.Modules", "DryIoc\Authomation.DI.Modules\Authomation.DI.Modules.csproj", "{9B7FFBF3-3B17-43CD-AADF-B78073992B9F}"
EndProject
Project("{FAE04EC0-301F-11D3-BF4B-00C04F79EFBC}") = "Authomation.DI.Extensions", "DryIoc\Authomation.DI.Extensions\Authomation.DI.Extensions.csproj", "{F6EE32B7-96C6-4121-88C6-630467A2024A}"
EndProject
Global
	GlobalSection(SolutionConfigurationPlatforms) = preSolution
		Debug|Any CPU = Debug|Any CPU
		Release|Any CPU = Release|Any CPU
	EndGlobalSection
	GlobalSection(ProjectConfigurationPlatforms) = postSolution
		{BCC1BE20-0F97-425F-A625-C94FE529DC0F}.Debug|Any CPU.ActiveCfg = Debug|Any CPU
		{BCC1BE20-0F97-425F-A625-C94FE529DC0F}.Debug|Any CPU.Build.0 = Debug|Any CPU
		{BCC1BE20-0F97-425F-A625-C94FE529DC0F}.Release|Any CPU.ActiveCfg = Release|Any CPU
		{BCC1BE20-0F97-425F-A625-C94FE529DC0F}.Release|Any CPU.Build.0 = Release|Any CPU
		{39E948B7-0E85-47CB-9174-6B1F0266ABF0}.Debug|Any CPU.ActiveCfg = Debug|Any CPU
		{39E948B7-0E85-47CB-9174-6B1F0266ABF0}.Debug|Any CPU.Build.0 = Debug|Any CPU
		{39E948B7-0E85-47CB-9174-6B1F0266ABF0}.Release|Any CPU.ActiveCfg = Release|Any CPU
		{39E948B7-0E85-47CB-9174-6B1F0266ABF0}.Release|Any CPU.Build.0 = Release|Any CPU
		{445CBCA0-1D47-43EB-A75C-E64805F86E79}.Debug|Any CPU.ActiveCfg = Debug|Any CPU
		{445CBCA0-1D47-43EB-A75C-E64805F86E79}.Debug|Any CPU.Build.0 = Debug|Any CPU
		{445CBCA0-1D47-43EB-A75C-E64805F86E79}.Release|Any CPU.ActiveCfg = Release|Any CPU
		{445CBCA0-1D47-43EB-A75C-E64805F86E79}.Release|Any CPU.Build.0 = Release|Any CPU
		{9D229980-E055-4F1D-95CF-C5D63594E9BF}.Debug|Any CPU.ActiveCfg = Debug|Any CPU
		{9D229980-E055-4F1D-95CF-C5D63594E9BF}.Debug|Any CPU.Build.0 = Debug|Any CPU
		{9D229980-E055-4F1D-95CF-C5D63594E9BF}.Release|Any CPU.ActiveCfg = Release|Any CPU
		{9D229980-E055-4F1D-95CF-C5D63594E9BF}.Release|Any CPU.Build.0 = Release|Any CPU
		{9B7FFBF3-3B17-43CD-AADF-B78073992B9F}.Debug|Any CPU.ActiveCfg = Debug|Any CPU
		{9B7FFBF3-3B17-43CD-AADF-B78073992B9F}.Debug|Any CPU.Build.0 = Debug|Any CPU
		{9B7FFBF3-3B17-43CD-AADF-B78073992B9F}.Release|Any CPU.ActiveCfg = Release|Any CPU
		{9B7FFBF3-3B17-43CD-AADF-B78073992B9F}.Release|Any CPU.Build.0 = Release|Any CPU
		{F6EE32B7-96C6-4121-88C6-630467A2024A}.Debug|Any CPU.ActiveCfg = Debug|Any CPU
		{F6EE32B7-96C6-4121-88C6-630467A2024A}.Debug|Any CPU.Build.0 = Debug|Any CPU
		{F6EE32B7-96C6-4121-88C6-630467A2024A}.Release|Any CPU.ActiveCfg = Release|Any CPU
		{F6EE32B7-96C6-4121-88C6-630467A2024A}.Release|Any CPU.Build.0 = Release|Any CPU
	EndGlobalSection
	GlobalSection(SolutionProperties) = preSolution
		HideSolutionNode = FALSE
	EndGlobalSection
	GlobalSection(NestedProjects) = preSolution
		{39E948B7-0E85-47CB-9174-6B1F0266ABF0} = {8D0324DC-636C-4CB4-91E4-EE2B4CBE74FC}
		{445CBCA0-1D47-43EB-A75C-E64805F86E79} = {8D0324DC-636C-4CB4-91E4-EE2B4CBE74FC}
		{9D229980-E055-4F1D-95CF-C5D63594E9BF} = {E7C0F7B1-40BF-4A19-AF1D-1B8A1A7C9467}
		{9B7FFBF3-3B17-43CD-AADF-B78073992B9F} = {17BC1D36-492E-4914-99B5-94BFC77A8A91}
		{F6EE32B7-96C6-4121-88C6-630467A2024A} = {17BC1D36-492E-4914-99B5-94BFC77A8A91}
	EndGlobalSection
	GlobalSection(ExtensibilityGlobals) = postSolution
		SolutionGuid = {21525DE5-FBA2-4642-83DA-7D7E3FDF5312}
	EndGlobalSection
EndGlobal
